
Microsoft Visual Studio Solution File, Format Version 12.00
# Visual Studio Version 16
VisualStudioVersion = 16.0.30517.126
MinimumVisualStudioVersion = 10.0.40219.1
Project("{FAE04EC0-301F-11D3-BF4B-00C04F79EFBC}") = "react-dotnet-3.0--hp", "react-dotnet-3.0--hp.csproj", "{70177709-9949-49D8-B3CE-5F1D693A374D}"
EndProject
Global
	GlobalSection(SolutionConfigurationPlatforms) = preSolution
		Debug|Any CPU = Debug|Any CPU
		Release|Any CPU = Release|Any CPU
	EndGlobalSection
	GlobalSection(ProjectConfigurationPlatforms) = postSolution
		{70177709-9949-49D8-B3CE-5F1D693A374D}.Debug|Any CPU.ActiveCfg = Debug|Any CPU
		{70177709-9949-49D8-B3CE-5F1D693A374D}.Debug|Any CPU.Build.0 = Debug|Any CPU
		{70177709-9949-49D8-B3CE-5F1D693A374D}.Release|Any CPU.ActiveCfg = Release|Any CPU
		{70177709-9949-49D8-B3CE-5F1D693A374D}.Release|Any CPU.Build.0 = Release|Any CPU
	EndGlobalSection
	GlobalSection(SolutionProperties) = preSolution
		HideSolutionNode = FALSE
	EndGlobalSection
	GlobalSection(ExtensibilityGlobals) = postSolution
		SolutionGuid = {72D43F35-A157-411C-889B-F9FF3991BEA7}
	EndGlobalSection
EndGlobal
